
Microsoft Visual Studio Solution File, Format Version 12.00
# Visual Studio Version 17
VisualStudioVersion = 17.8.34322.80
MinimumVisualStudioVersion = 10.0.40219.1
Project("{FAE04EC0-301F-11D3-BF4B-00C04F79EFBC}") = "Finite_State_Machine_Designer.Models", "src\Finite_State_Machine_Designer.Models\Finite_State_Machine_Designer.Models.csproj", "{0425CE1C-F7E9-4971-918B-C8F600065487}"
EndProject
Project("{FAE04EC0-301F-11D3-BF4B-00C04F79EFBC}") = "Finite_State_Machine_Designer.RCL", "src\Finite_State_Machine_Designer.RCL\Finite_State_Machine_Designer.RCL.csproj", "{27ABD7E9-CCD4-48A0-8994-E2C799EEC879}"
EndProject
Project("{FAE04EC0-301F-11D3-BF4B-00C04F79EFBC}") = "Finite_State_Machine_Designer.Data", "src\Finite_State_Machine_Designer.Data\Finite_State_Machine_Designer.Data.csproj", "{D6133A71-B37C-4BB9-8758-40A1F001B1E6}"
EndProject
Project("{FAE04EC0-301F-11D3-BF4B-00C04F79EFBC}") = "Finite_State_Machine_Designer.Client", "src\Finite_State_Machine_Designer.Client\Finite_State_Machine_Designer.Client.csproj", "{1C4CD4E9-00FD-463C-B83E-1322B141E12B}"
EndProject
Project("{FAE04EC0-301F-11D3-BF4B-00C04F79EFBC}") = "Finite_State_Machine_Designer", "src\Finite_State_Machine_Designer\Finite_State_Machine_Designer.csproj", "{F948D4E2-791E-4BAF-82E1-9ADF08B36936}"
EndProject
Global
	GlobalSection(SolutionConfigurationPlatforms) = preSolution
		Debug|Any CPU = Debug|Any CPU
		Release|Any CPU = Release|Any CPU
	EndGlobalSection
	GlobalSection(ProjectConfigurationPlatforms) = postSolution
		{0425CE1C-F7E9-4971-918B-C8F600065487}.Debug|Any CPU.ActiveCfg = Debug|Any CPU
		{0425CE1C-F7E9-4971-918B-C8F600065487}.Debug|Any CPU.Build.0 = Debug|Any CPU
		{0425CE1C-F7E9-4971-918B-C8F600065487}.Release|Any CPU.ActiveCfg = Release|Any CPU
		{0425CE1C-F7E9-4971-918B-C8F600065487}.Release|Any CPU.Build.0 = Release|Any CPU
		{27ABD7E9-CCD4-48A0-8994-E2C799EEC879}.Debug|Any CPU.ActiveCfg = Debug|Any CPU
		{27ABD7E9-CCD4-48A0-8994-E2C799EEC879}.Debug|Any CPU.Build.0 = Debug|Any CPU
		{27ABD7E9-CCD4-48A0-8994-E2C799EEC879}.Release|Any CPU.ActiveCfg = Release|Any CPU
		{27ABD7E9-CCD4-48A0-8994-E2C799EEC879}.Release|Any CPU.Build.0 = Release|Any CPU
		{D6133A71-B37C-4BB9-8758-40A1F001B1E6}.Debug|Any CPU.ActiveCfg = Debug|Any CPU
		{D6133A71-B37C-4BB9-8758-40A1F001B1E6}.Debug|Any CPU.Build.0 = Debug|Any CPU
		{D6133A71-B37C-4BB9-8758-40A1F001B1E6}.Release|Any CPU.ActiveCfg = Release|Any CPU
		{D6133A71-B37C-4BB9-8758-40A1F001B1E6}.Release|Any CPU.Build.0 = Release|Any CPU
		{1C4CD4E9-00FD-463C-B83E-1322B141E12B}.Debug|Any CPU.ActiveCfg = Debug|Any CPU
		{1C4CD4E9-00FD-463C-B83E-1322B141E12B}.Debug|Any CPU.Build.0 = Debug|Any CPU
		{1C4CD4E9-00FD-463C-B83E-1322B141E12B}.Release|Any CPU.ActiveCfg = Release|Any CPU
		{1C4CD4E9-00FD-463C-B83E-1322B141E12B}.Release|Any CPU.Build.0 = Release|Any CPU
		{F948D4E2-791E-4BAF-82E1-9ADF08B36936}.Debug|Any CPU.ActiveCfg = Debug|Any CPU
		{F948D4E2-791E-4BAF-82E1-9ADF08B36936}.Debug|Any CPU.Build.0 = Debug|Any CPU
		{F948D4E2-791E-4BAF-82E1-9ADF08B36936}.Release|Any CPU.ActiveCfg = Release|Any CPU
		{F948D4E2-791E-4BAF-82E1-9ADF08B36936}.Release|Any CPU.Build.0 = Release|Any CPU
	EndGlobalSection
	GlobalSection(SolutionProperties) = preSolution
		HideSolutionNode = FALSE
	EndGlobalSection
	GlobalSection(ExtensibilityGlobals) = postSolution
		SolutionGuid = {33E7A855-4ED8-451F-BEE6-3C0A6DFB9920}
	EndGlobalSection
EndGlobal
